<?xml version="1.0" encoding="utf-8"?>
<Project ToolsVersion="4.0" xmlns="http://schemas.microsoft.com/developer/msbuild/2003">
  <ItemGroup>
    <Filter Include="Source Files">
      <UniqueIdentifier>{4FC737F1-C7A5-4376-A066-2A32D752A2FF}</UniqueIdentifier>
      <Extensions>cpp;c;cc;cxx;def;odl;idl;hpj;bat;asm;asmx</Extensions>
    </Filter>
    <Filter Include="Header Files">
      <UniqueIdentifier>{93995380-89BD-4b04-88EB-625FBE52EBFB}</UniqueIdentifier>
      <Extensions>h;hh;hpp;hxx;hm;inl;inc;xsd</Extensions>
    </Filter>
    <Filter Include="Resource Files">
      <UniqueIdentifier>{67DA6AB6-F800-4c08-8B7A-83BB121AAD01}</UniqueIdentifier>
      <Extensions>rc;ico;cur;bmp;dlg;rc2;rct;bin;rgs;gif;jpg;jpeg;jpe;resx;tiff;tif;png;wav;mfcribbon-ms</Extensions>
    </Filter>
    <Filter Include="Shaders">
      <UniqueIdentifier>{65d69474-84d1-4b32-8f05-6deed45f15c0}</UniqueIdentifier>
    </Filter>
    <Filter Include="Shaders\Vertex Shaders">
      <UniqueIdentifier>{6db708a3-56a4-4d97-ab77-56543f59b75a}</UniqueIdentifier>
    </Filter>
    <Filter Include="Shaders\Pixel Shaders">
      <UniqueIdentifier>{322fc30b-3d2e-420c-b842-e3299ca3ec3d}</UniqueIdentifier>
    </Filter>
    <Filter Include="Header Files\New classes">
      <UniqueIdentifier>{f3d2fedc-d53d-4282-a4e6-c8cd2da49de1}</UniqueIdentifier>
    </Filter>
    <Filter Include="Header Files\Old classes">
      <UniqueIdentifier>{7fbfbd65-1c13-4729-92ae-1fbb41c8e5c3}</UniqueIdentifier>
    </Filter>
    <Filter Include="Source Files\New classes">
      <UniqueIdentifier>{f9a04bf4-fcb0-4f11-a5de-f72937ba81b4}</UniqueIdentifier>
    </Filter>
    <Filter Include="Source Files\Old classes">
      <UniqueIdentifier>{78dbe1b9-6f5b-442a-902d-382d08e92a5e}</UniqueIdentifier>
    </Filter>
    <Filter Include="Shaders\Domain Shaders">
      <UniqueIdentifier>{1a8a7d76-97d5-48b3-809b-52840cdbb5ce}</UniqueIdentifier>
    </Filter>
    <Filter Include="Shaders\Hull Shaders">
      <UniqueIdentifier>{8673c8f5-73e4-4e7e-9e5c-23f5d31ec48a}</UniqueIdentifier>
    </Filter>
    <Filter Include="Shaders\Geometry Shaders">
      <UniqueIdentifier>{127441f8-f07b-44bc-9a93-39694d7b68b3}</UniqueIdentifier>
    </Filter>
  </ItemGroup>
  <ItemGroup>
    <ClInclude Include="Camera.h">
      <Filter>Header Files\New classes</Filter>
    </ClInclude>
    <ClInclude Include="DebugRenderer.h">
      <Filter>Header Files\New classes</Filter>
    </ClInclude>
    <ClInclude Include="Object.h">
      <Filter>Header Files\New classes</Filter>
    </ClInclude>
    <ClInclude Include="EngineBJF.h">
      <Filter>Header Files\New classes</Filter>
    </ClInclude>
    <ClInclude Include="Terrain.h">
      <Filter>Header Files\New classes</Filter>
    </ClInclude>
    <ClInclude Include="resource.h">
      <Filter>Header Files\Old classes</Filter>
    </ClInclude>
    <ClInclude Include="SceneManager.h">
      <Filter>Header Files\Old classes</Filter>
    </ClInclude>
    <ClInclude Include="ShaderStructures.h">
      <Filter>Header Files\Old classes</Filter>
    </ClInclude>
    <ClInclude Include="targetver.h">
      <Filter>Header Files\Old classes</Filter>
    </ClInclude>
    <ClInclude Include="WICTextureLoader.h">
      <Filter>Header Files\Old classes</Filter>
    </ClInclude>
    <ClInclude Include="XTime.h">
      <Filter>Header Files\Old classes</Filter>
    </ClInclude>
    <ClInclude Include="IncludesBJF.h">
      <Filter>Header Files\New classes</Filter>
    </ClInclude>
    <ClInclude Include="D3DInitializer.h">
      <Filter>Header Files\New classes</Filter>
    </ClInclude>
    <ClInclude Include="FbxLibraryDLLMeshHandler.h">
      <Filter>Header Files\New classes</Filter>
    </ClInclude>
    <ClInclude Include="FbxLibraryDLLMaterialHandler.h">
      <Filter>Header Files\New classes</Filter>
    </ClInclude>
    <ClInclude Include="MaterialComponents.h">
      <Filter>Header Files\Old classes</Filter>
    </ClInclude>
    <ClInclude Include="MeshComponents.h">
      <Filter>Header Files\Old classes</Filter>
    </ClInclude>
    <ClInclude Include="AnimationComponents.h">
      <Filter>Header Files\Old classes</Filter>
    </ClInclude>
    <ClInclude Include="FbxLibraryDLLAnimationHandler.h">
      <Filter>Header Files\New classes</Filter>
    </ClInclude>
    <ClInclude Include="ParticleSystem.h">
      <Filter>Header Files\New classes</Filter>
    </ClInclude>
    <ClInclude Include="FPSInformation.h">
      <Filter>Header Files\New classes</Filter>
    </ClInclude>
    <ClInclude Include="CPUInformation.h">
      <Filter>Header Files\New classes</Filter>
    </ClInclude>
    <ClInclude Include="BetterParticleSystem.h">
      <Filter>Header Files\New classes</Filter>
    </ClInclude>
  </ItemGroup>
  <ItemGroup>
    <ClCompile Include="Camera.cpp">
      <Filter>Source Files\New classes</Filter>
    </ClCompile>
    <ClCompile Include="DebugRenderer.cpp">
      <Filter>Source Files\New classes</Filter>
    </ClCompile>
    <ClCompile Include="EngineBJF.cpp">
      <Filter>Source Files\New classes</Filter>
    </ClCompile>
    <ClCompile Include="Object.cpp">
      <Filter>Source Files\New classes</Filter>
    </ClCompile>
    <ClCompile Include="Terrain.cpp">
      <Filter>Source Files\New classes</Filter>
    </ClCompile>
    <ClCompile Include="XTime.cpp">
      <Filter>Source Files\Old classes</Filter>
    </ClCompile>
    <ClCompile Include="SceneManager.cpp">
      <Filter>Source Files\Old classes</Filter>
    </ClCompile>
    <ClCompile Include="WICTextureLoader.cpp">
      <Filter>Source Files\Old classes</Filter>
    </ClCompile>
    <ClCompile Include="D3DInitializer.cpp">
      <Filter>Source Files\New classes</Filter>
    </ClCompile>
    <ClCompile Include="FbxLibraryDLLMeshHandler.cpp">
      <Filter>Source Files\New classes</Filter>
    </ClCompile>
    <ClCompile Include="FbxLibraryDLLMaterialHandler.cpp">
      <Filter>Source Files\New classes</Filter>
    </ClCompile>
    <ClCompile Include="FbxLibraryDLLAnimationHandler.cpp">
      <Filter>Source Files\New classes</Filter>
    </ClCompile>
    <ClCompile Include="ParticleSystem.cpp">
      <Filter>Source Files\New classes</Filter>
    </ClCompile>
    <ClCompile Include="FPSInformation.cpp">
      <Filter>Source Files</Filter>
    </ClCompile>
    <ClCompile Include="CPUInformation.cpp">
      <Filter>Source Files</Filter>
    </ClCompile>
    <ClCompile Include="BetterParticleSystem.cpp">
      <Filter>Source Files\New classes</Filter>
    </ClCompile>
  </ItemGroup>
  <ItemGroup>
    <ResourceCompile Include="EngineBJF.rc">
      <Filter>Resource Files</Filter>
    </ResourceCompile>
  </ItemGroup>
  <ItemGroup>
    <Image Include="small.ico">
      <Filter>Resource Files</Filter>
    </Image>
    <Image Include="EngineBJF.ico">
      <Filter>Resource Files</Filter>
    </Image>
  </ItemGroup>
  <ItemGroup>
    <Text Include="ReadMe.txt" />
  </ItemGroup>
  <ItemGroup>
    <FxCompile Include="Shaders\Vertex Shaders\TestVertexShader.hlsl">
      <Filter>Shaders\Vertex Shaders</Filter>
    </FxCompile>
    <FxCompile Include="Shaders\Vertex Shaders\VS_AdvancedMesh.hlsl">
      <Filter>Shaders\Vertex Shaders</Filter>
    </FxCompile>
    <FxCompile Include="Shaders\Vertex Shaders\VS_Material.hlsl">
      <Filter>Shaders\Vertex Shaders</Filter>
    </FxCompile>
    <FxCompile Include="Shaders\Vertex Shaders\VS_Standard.hlsl">
      <Filter>Shaders\Vertex Shaders</Filter>
    </FxCompile>
    <FxCompile Include="Shaders\Pixel Shaders\PS_AdvancedMesh.hlsl">
      <Filter>Shaders\Pixel Shaders</Filter>
    </FxCompile>
    <FxCompile Include="Shaders\Pixel Shaders\PS_Material.hlsl">
      <Filter>Shaders\Pixel Shaders</Filter>
    </FxCompile>
    <FxCompile Include="Shaders\Pixel Shaders\PS_Standard.hlsl">
      <Filter>Shaders\Pixel Shaders</Filter>
    </FxCompile>
    <FxCompile Include="Shaders\Pixel Shaders\TestPixelShader.hlsl">
      <Filter>Shaders\Pixel Shaders</Filter>
    </FxCompile>
    <FxCompile Include="shaders\Pixel Shaders\PS_Tessellation.hlsl">
      <Filter>Shaders\Pixel Shaders</Filter>
    </FxCompile>
    <FxCompile Include="shaders\Vertex Shaders\VS_Tessellation.hlsl">
      <Filter>Shaders\Vertex Shaders</Filter>
    </FxCompile>
    <FxCompile Include="shaders\Domain Shaders\DS_Standard.hlsl">
      <Filter>Shaders\Domain Shaders</Filter>
    </FxCompile>
    <FxCompile Include="shaders\Hull Shaders\HS_Standard.hlsl">
      <Filter>Shaders\Hull Shaders</Filter>
    </FxCompile>
    <FxCompile Include="shaders\Pixel Shaders\PS_SkinnedAnimation.hlsl">
      <Filter>Shaders\Pixel Shaders</Filter>
    </FxCompile>
    <FxCompile Include="shaders\Vertex Shaders\VS_SkinnedAnimation.hlsl">
      <Filter>Shaders\Vertex Shaders</Filter>
    </FxCompile>
    <FxCompile Include="shaders\Vertex Shaders\VS_TessellationQuad.hlsl">
      <Filter>Shaders\Vertex Shaders</Filter>
    </FxCompile>
    <FxCompile Include="shaders\Pixel Shaders\PS_TessellationQuad.hlsl">
      <Filter>Shaders\Pixel Shaders</Filter>
    </FxCompile>
    <FxCompile Include="shaders\Domain Shaders\DS_TessellationQuad.hlsl">
      <Filter>Shaders\Domain Shaders</Filter>
    </FxCompile>
    <FxCompile Include="shaders\Hull Shaders\HS_TessellationQuad.hlsl">
      <Filter>Shaders\Hull Shaders</Filter>
    </FxCompile>
    <FxCompile Include="shaders\Pixel Shaders\PS_Particle.hlsl">
      <Filter>Shaders\Pixel Shaders</Filter>
    </FxCompile>
    <FxCompile Include="shaders\Vertex Shaders\VS_Particle.hlsl">
      <Filter>Shaders\Vertex Shaders</Filter>
    </FxCompile>
    <FxCompile Include="shaders\Geometry Shaders\GS_StandardParticles.hlsl">
      <Filter>Shaders\Geometry Shaders</Filter>
    </FxCompile>
    <FxCompile Include="shaders\Vertex Shaders\VS_StandardParticles.hlsl">
      <Filter>Shaders\Vertex Shaders</Filter>
    </FxCompile>
    <FxCompile Include="shaders\Vertex Shaders\VS_ForGeometryShaderTest.hlsl">
      <Filter>Shaders\Vertex Shaders</Filter>
    </FxCompile>
    <FxCompile Include="shaders\Pixel Shaders\PS_ForGeometryShaderTest.hlsl">
      <Filter>Shaders\Pixel Shaders</Filter>
    </FxCompile>
  </ItemGroup>
  <ItemGroup>
    <None Include="Teddy_Idle.fbx" />
  </ItemGroup>
</Project>